// !$*UTF8*$!
{
	archiveVersion = 1;
	classes = {
	};
	objectVersion = 55;
	objects = {

/* Begin PBXBuildFile section */
		A944C88A2761D372001D1FF1 /* AppDelegate.swift in Sources */ = {isa = PBXBuildFile; fileRef = A944C8892761D372001D1FF1 /* AppDelegate.swift */; };
		A944C88C2761D372001D1FF1 /* SceneDelegate.swift in Sources */ = {isa = PBXBuildFile; fileRef = A944C88B2761D372001D1FF1 /* SceneDelegate.swift */; };
		A944C88E2761D372001D1FF1 /* ViewController.swift in Sources */ = {isa = PBXBuildFile; fileRef = A944C88D2761D372001D1FF1 /* ViewController.swift */; };
		A944C8912761D372001D1FF1 /* Main.storyboard in Resources */ = {isa = PBXBuildFile; fileRef = A944C88F2761D372001D1FF1 /* Main.storyboard */; };
		A944C8932761D374001D1FF1 /* Assets.xcassets in Resources */ = {isa = PBXBuildFile; fileRef = A944C8922761D374001D1FF1 /* Assets.xcassets */; };
		A944C8962761D374001D1FF1 /* LaunchScreen.storyboard in Resources */ = {isa = PBXBuildFile; fileRef = A944C8942761D374001D1FF1 /* LaunchScreen.storyboard */; };
		A944C8A12761D375001D1FF1 /* valueCarryTests.swift in Sources */ = {isa = PBXBuildFile; fileRef = A944C8A02761D375001D1FF1 /* valueCarryTests.swift */; };
		A944C8AB2761D375001D1FF1 /* valueCarryUITests.swift in Sources */ = {isa = PBXBuildFile; fileRef = A944C8AA2761D375001D1FF1 /* valueCarryUITests.swift */; };
		A944C8AD2761D375001D1FF1 /* valueCarryUITestsLaunchTests.swift in Sources */ = {isa = PBXBuildFile; fileRef = A944C8AC2761D375001D1FF1 /* valueCarryUITestsLaunchTests.swift */; };
		A944C8BA2761DCB2001D1FF1 /* ResultViewController.swift in Sources */ = {isa = PBXBuildFile; fileRef = A944C8B92761DCB1001D1FF1 /* ResultViewController.swift */; };
/* End PBXBuildFile section */

/* Begin PBXContainerItemProxy section */
		A944C89D2761D375001D1FF1 /* PBXContainerItemProxy */ = {
			isa = PBXContainerItemProxy;
			containerPortal = A944C87E2761D372001D1FF1 /* Project object */;
			proxyType = 1;
			remoteGlobalIDString = A944C8852761D372001D1FF1;
			remoteInfo = valueCarry;
		};
		A944C8A72761D375001D1FF1 /* PBXContainerItemProxy */ = {
			isa = PBXContainerItemProxy;
			containerPortal = A944C87E2761D372001D1FF1 /* Project object */;
			proxyType = 1;
			remoteGlobalIDString = A944C8852761D372001D1FF1;
			remoteInfo = valueCarry;
		};
/* End PBXContainerItemProxy section */

/* Begin PBXFileReference section */
		A944C8862761D372001D1FF1 /* valueCarry.app */ = {isa = PBXFileReference; explicitFileType = wrapper.application; includeInIndex = 0; path = valueCarry.app; sourceTree = BUILT_PRODUCTS_DIR; };
		A944C8892761D372001D1FF1 /* AppDelegate.swift */ = {isa = PBXFileReference; lastKnownFileType = sourcecode.swift; path = AppDelegate.swift; sourceTree = "<group>"; };
		A944C88B2761D372001D1FF1 /* SceneDelegate.swift */ = {isa = PBXFileReference; lastKnownFileType = sourcecode.swift; path = SceneDelegate.swift; sourceTree = "<group>"; };
		A944C88D2761D372001D1FF1 /* ViewController.swift */ = {isa = PBXFileReference; lastKnownFileType = sourcecode.swift; path = ViewController.swift; sourceTree = "<group>"; };
		A944C8902761D372001D1FF1 /* Base */ = {isa = PBXFileReference; lastKnownFileType = file.storyboard; name = Base; path = Base.lproj/Main.storyboard; sourceTree = "<group>"; };
		A944C8922761D374001D1FF1 /* Assets.xcassets */ = {isa = PBXFileReference; lastKnownFileType = folder.assetcatalog; path = Assets.xcassets; sourceTree = "<group>"; };
		A944C8952761D374001D1FF1 /* Base */ = {isa = PBXFileReference; lastKnownFileType = file.storyboard; name = Base; path = Base.lproj/LaunchScreen.storyboard; sourceTree = "<group>"; };
		A944C8972761D374001D1FF1 /* Info.plist */ = {isa = PBXFileReference; lastKnownFileType = text.plist.xml; path = Info.plist; sourceTree = "<group>"; };
		A944C89C2761D375001D1FF1 /* valueCarryTests.xctest */ = {isa = PBXFileReference; explicitFileType = wrapper.cfbundle; includeInIndex = 0; path = valueCarryTests.xctest; sourceTree = BUILT_PRODUCTS_DIR; };
		A944C8A02761D375001D1FF1 /* valueCarryTests.swift */ = {isa = PBXFileReference; lastKnownFileType = sourcecode.swift; path = valueCarryTests.swift; sourceTree = "<group>"; };
		A944C8A62761D375001D1FF1 /* valueCarryUITests.xctest */ = {isa = PBXFileReference; explicitFileType = wrapper.cfbundle; includeInIndex = 0; path = valueCarryUITests.xctest; sourceTree = BUILT_PRODUCTS_DIR; };
		A944C8AA2761D375001D1FF1 /* valueCarryUITests.swift */ = {isa = PBXFileReference; lastKnownFileType = sourcecode.swift; path = valueCarryUITests.swift; sourceTree = "<group>"; };
		A944C8AC2761D375001D1FF1 /* valueCarryUITestsLaunchTests.swift */ = {isa = PBXFileReference; lastKnownFileType = sourcecode.swift; path = valueCarryUITestsLaunchTests.swift; sourceTree = "<group>"; };
		A944C8B92761DCB1001D1FF1 /* ResultViewController.swift */ = {isa = PBXFileReference; lastKnownFileType = sourcecode.swift; path = ResultViewController.swift; sourceTree = "<group>"; };
/* End PBXFileReference section */

/* Begin PBXFrameworksBuildPhase section */
		A944C8832761D372001D1FF1 /* Frameworks */ = {
			isa = PBXFrameworksBuildPhase;
			buildActionMask = 2147483647;
			files = (
			);
			runOnlyForDeploymentPostprocessing = 0;
		};
		A944C8992761D375001D1FF1 /* Frameworks */ = {
			isa = PBXFrameworksBuildPhase;
			buildActionMask = 2147483647;
			files = (
			);
			runOnlyForDeploymentPostprocessing = 0;
		};
		A944C8A32761D375001D1FF1 /* Frameworks */ = {
			isa = PBXFrameworksBuildPhase;
			buildActionMask = 2147483647;
			files = (
			);
			runOnlyForDeploymentPostprocessing = 0;
		};
/* End PBXFrameworksBuildPhase section */

/* Begin PBXGroup section */
		A944C87D2761D372001D1FF1 = {
			isa = PBXGroup;
			children = (
				A944C8882761D372001D1FF1 /* valueCarry */,
				A944C89F2761D375001D1FF1 /* valueCarryTests */,
				A944C8A92761D375001D1FF1 /* valueCarryUITests */,
				A944C8872761D372001D1FF1 /* Products */,
			);
			sourceTree = "<group>";
		};
		A944C8872761D372001D1FF1 /* Products */ = {
			isa = PBXGroup;
			children = (
				A944C8862761D372001D1FF1 /* valueCarry.app */,
				A944C89C2761D375001D1FF1 /* valueCarryTests.xctest */,
				A944C8A62761D375001D1FF1 /* valueCarryUITests.xctest */,
			);
			name = Products;
			sourceTree = "<group>";
		};
		A944C8882761D372001D1FF1 /* valueCarry */ = {
			isa = PBXGroup;
			children = (
				A944C8892761D372001D1FF1 /* AppDelegate.swift */,
				A944C88B2761D372001D1FF1 /* SceneDelegate.swift */,
				A944C88D2761D372001D1FF1 /* ViewController.swift */,
				A944C88F2761D372001D1FF1 /* Main.storyboard */,
				A944C8B92761DCB1001D1FF1 /* ResultViewController.swift */,
				A944C8922761D374001D1FF1 /* Assets.xcassets */,
				A944C8942761D374001D1FF1 /* LaunchScreen.storyboard */,
				A944C8972761D374001D1FF1 /* Info.plist */,
			);
			path = valueCarry;
			sourceTree = "<group>";
		};
		A944C89F2761D375001D1FF1 /* valueCarryTests */ = {
			isa = PBXGroup;
			children = (
				A944C8A02761D375001D1FF1 /* valueCarryTests.swift */,
			);
			path = valueCarryTests;
			sourceTree = "<group>";
		};
		A944C8A92761D375001D1FF1 /* valueCarryUITests */ = {
			isa = PBXGroup;
			children = (
				A944C8AA2761D375001D1FF1 /* valueCarryUITests.swift */,
				A944C8AC2761D375001D1FF1 /* valueCarryUITestsLaunchTests.swift */,
			);
			path = valueCarryUITests;
			sourceTree = "<group>";
		};
/* End PBXGroup section */

/* Begin PBXNativeTarget section */
		A944C8852761D372001D1FF1 /* valueCarry */ = {
			isa = PBXNativeTarget;
			buildConfigurationList = A944C8B02761D375001D1FF1 /* Build configuration list for PBXNativeTarget "valueCarry" */;
			buildPhases = (
				A944C8822761D372001D1FF1 /* Sources */,
				A944C8832761D372001D1FF1 /* Frameworks */,
				A944C8842761D372001D1FF1 /* Resources */,
			);
			buildRules = (
			);
			dependencies = (
			);
			name = valueCarry;
			productName = valueCarry;
			productReference = A944C8862761D372001D1FF1 /* valueCarry.app */;
			productType = "com.apple.product-type.application";
		};
		A944C89B2761D375001D1FF1 /* valueCarryTests */ = {
			isa = PBXNativeTarget;
			buildConfigurationList = A944C8B32761D375001D1FF1 /* Build configuration list for PBXNativeTarget "valueCarryTests" */;
			buildPhases = (
				A944C8982761D375001D1FF1 /* Sources */,
				A944C8992761D375001D1FF1 /* Frameworks */,
				A944C89A2761D375001D1FF1 /* Resources */,
			);
			buildRules = (
			);
			dependencies = (
				A944C89E2761D375001D1FF1 /* PBXTargetDependency */,
			);
			name = valueCarryTests;
			productName = valueCarryTests;
			productReference = A944C89C2761D375001D1FF1 /* valueCarryTests.xctest */;
			productType = "com.apple.product-type.bundle.unit-test";
		};
		A944C8A52761D375001D1FF1 /* valueCarryUITests */ = {
			isa = PBXNativeTarget;
			buildConfigurationList = A944C8B62761D375001D1FF1 /* Build configuration list for PBXNativeTarget "valueCarryUITests" */;
			buildPhases = (
				A944C8A22761D375001D1FF1 /* Sources */,
				A944C8A32761D375001D1FF1 /* Frameworks */,
				A944C8A42761D375001D1FF1 /* Resources */,
			);
			buildRules = (
			);
			dependencies = (
				A944C8A82761D375001D1FF1 /* PBXTargetDependency */,
			);
			name = valueCarryUITests;
			productName = valueCarryUITests;
			productReference = A944C8A62761D375001D1FF1 /* valueCarryUITests.xctest */;
			productType = "com.apple.product-type.bundle.ui-testing";
		};
/* End PBXNativeTarget section */

/* Begin PBXProject section */
		A944C87E2761D372001D1FF1 /* Project object */ = {
			isa = PBXProject;
			attributes = {
				BuildIndependentTargetsInParallel = 1;
				LastSwiftUpdateCheck = 1310;
				LastUpgradeCheck = 1310;
				TargetAttributes = {
					A944C8852761D372001D1FF1 = {
						CreatedOnToolsVersion = 13.1;
					};
					A944C89B2761D375001D1FF1 = {
						CreatedOnToolsVersion = 13.1;
						TestTargetID = A944C8852761D372001D1FF1;
					};
					A944C8A52761D375001D1FF1 = {
						CreatedOnToolsVersion = 13.1;
						TestTargetID = A944C8852761D372001D1FF1;
					};
				};
			};
			buildConfigurationList = A944C8812761D372001D1FF1 /* Build configuration list for PBXProject "valueCarry" */;
			compatibilityVersion = "Xcode 13.0";
			developmentRegion = en;
			hasScannedForEncodings = 0;
			knownRegions = (
				en,
				Base,
			);
			mainGroup = A944C87D2761D372001D1FF1;
			productRefGroup = A944C8872761D372001D1FF1 /* Products */;
			projectDirPath = "";
			projectRoot = "";
			targets = (
				A944C8852761D372001D1FF1 /* valueCarry */,
				A944C89B2761D375001D1FF1 /* valueCarryTests */,
				A944C8A52761D375001D1FF1 /* valueCarryUITests */,
			);
		};
/* End PBXProject section */

/* Begin PBXResourcesBuildPhase section */
		A944C8842761D372001D1FF1 /* Resources */ = {
			isa = PBXResourcesBuildPhase;
			buildActionMask = 2147483647;
			files = (
				A944C8962761D374001D1FF1 /* LaunchScreen.storyboard in Resources */,
				A944C8932761D374001D1FF1 /* Assets.xcassets in Resources */,
				A944C8912761D372001D1FF1 /* Main.storyboard in Resources */,
			);
			runOnlyForDeploymentPostprocessing = 0;
		};
		A944C89A2761D375001D1FF1 /* Resources */ = {
			isa = PBXResourcesBuildPhase;
			buildActionMask = 2147483647;
			files = (
			);
			runOnlyForDeploymentPostprocessing = 0;
		};
		A944C8A42761D375001D1FF1 /* Resources */ = {
			isa = PBXResourcesBuildPhase;
			buildActionMask = 2147483647;
			files = (
			);
			runOnlyForDeploymentPostprocessing = 0;
		};
/* End PBXResourcesBuildPhase section */

/* Begin PBXSourcesBuildPhase section */
		A944C8822761D372001D1FF1 /* Sources */ = {
			isa = PBXSourcesBuildPhase;
			buildActionMask = 2147483647;
			files = (
				A944C88E2761D372001D1FF1 /* ViewController.swift in Sources */,
				A944C88A2761D372001D1FF1 /* AppDelegate.swift in Sources */,
				A944C88C2761D372001D1FF1 /* SceneDelegate.swift in Sources */,
				A944C8BA2761DCB2001D1FF1 /* ResultViewController.swift in Sources */,
			);
			runOnlyForDeploymentPostprocessing = 0;
		};
		A944C8982761D375001D1FF1 /* Sources */ = {
			isa = PBXSourcesBuildPhase;
			buildActionMask = 2147483647;
			files = (
				A944C8A12761D375001D1FF1 /* valueCarryTests.swift in Sources */,
			);
			runOnlyForDeploymentPostprocessing = 0;
		};
		A944C8A22761D375001D1FF1 /* Sources */ = {
			isa = PBXSourcesBuildPhase;
			buildActionMask = 2147483647;
			files = (
				A944C8AD2761D375001D1FF1 /* valueCarryUITestsLaunchTests.swift in Sources */,
				A944C8AB2761D375001D1FF1 /* valueCarryUITests.swift in Sources */,
			);
			runOnlyForDeploymentPostprocessing = 0;
		};
/* End PBXSourcesBuildPhase section */

/* Begin PBXTargetDependency section */
		A944C89E2761D375001D1FF1 /* PBXTargetDependency */ = {
			isa = PBXTargetDependency;
			target = A944C8852761D372001D1FF1 /* valueCarry */;
			targetProxy = A944C89D2761D375001D1FF1 /* PBXContainerItemProxy */;
		};
		A944C8A82761D375001D1FF1 /* PBXTargetDependency */ = {
			isa = PBXTargetDependency;
			target = A944C8852761D372001D1FF1 /* valueCarry */;
			targetProxy = A944C8A72761D375001D1FF1 /* PBXContainerItemProxy */;
		};
/* End PBXTargetDependency section */

/* Begin PBXVariantGroup section */
		A944C88F2761D372001D1FF1 /* Main.storyboard */ = {
			isa = PBXVariantGroup;
			children = (
				A944C8902761D372001D1FF1 /* Base */,
			);
			name = Main.storyboard;
			sourceTree = "<group>";
		};
		A944C8942761D374001D1FF1 /* LaunchScreen.storyboard */ = {
			isa = PBXVariantGroup;
			children = (
				A944C8952761D374001D1FF1 /* Base */,
			);
			name = LaunchScreen.storyboard;
			sourceTree = "<group>";
		};
/* End PBXVariantGroup section */

/* Begin XCBuildConfiguration section */
		A944C8AE2761D375001D1FF1 /* Debug */ = {
			isa = XCBuildConfiguration;
			buildSettings = {
				ALWAYS_SEARCH_USER_PATHS = NO;
				CLANG_ANALYZER_NONNULL = YES;
				CLANG_ANALYZER_NUMBER_OBJECT_CONVERSION = YES_AGGRESSIVE;
				CLANG_CXX_LANGUAGE_STANDARD = "gnu++17";
				CLANG_CXX_LIBRARY = "libc++";
				CLANG_ENABLE_MODULES = YES;
				CLANG_ENABLE_OBJC_ARC = YES;
				CLANG_ENABLE_OBJC_WEAK = YES;
				CLANG_WARN_BLOCK_CAPTURE_AUTORELEASING = YES;
				CLANG_WARN_BOOL_CONVERSION = YES;
				CLANG_WARN_COMMA = YES;
				CLANG_WARN_CONSTANT_CONVERSION = YES;
				CLANG_WARN_DEPRECATED_OBJC_IMPLEMENTATIONS = YES;
				CLANG_WARN_DIRECT_OBJC_ISA_USAGE = YES_ERROR;
				CLANG_WARN_DOCUMENTATION_COMMENTS = YES;
				CLANG_WARN_EMPTY_BODY = YES;
				CLANG_WARN_ENUM_CONVERSION = YES;
				CLANG_WARN_INFINITE_RECURSION = YES;
				CLANG_WARN_INT_CONVERSION = YES;
				CLANG_WARN_NON_LITERAL_NULL_CONVERSION = YES;
				CLANG_WARN_OBJC_IMPLICIT_RETAIN_SELF = YES;
				CLANG_WARN_OBJC_LITERAL_CONVERSION = YES;
				CLANG_WARN_OBJC_ROOT_CLASS = YES_ERROR;
				CLANG_WARN_QUOTED_INCLUDE_IN_FRAMEWORK_HEADER = YES;
				CLANG_WARN_RANGE_LOOP_ANALYSIS = YES;
				CLANG_WARN_STRICT_PROTOTYPES = YES;
				CLANG_WARN_SUSPICIOUS_MOVE = YES;
				CLANG_WARN_UNGUARDED_AVAILABILITY = YES_AGGRESSIVE;
				CLANG_WARN_UNREACHABLE_CODE = YES;
				CLANG_WARN__DUPLICATE_METHOD_MATCH = YES;
				COPY_PHASE_STRIP = NO;
				DEBUG_INFORMATION_FORMAT = dwarf;
				ENABLE_STRICT_OBJC_MSGSEND = YES;
				ENABLE_TESTABILITY = YES;
				GCC_C_LANGUAGE_STANDARD = gnu11;
				GCC_DYNAMIC_NO_PIC = NO;
				GCC_NO_COMMON_BLOCKS = YES;
				GCC_OPTIMIZATION_LEVEL = 0;
				GCC_PREPROCESSOR_DEFINITIONS = (
					"DEBUG=1",
					"$(inherited)",
				);
				GCC_WARN_64_TO_32_BIT_CONVERSION = YES;
				GCC_WARN_ABOUT_RETURN_TYPE = YES_ERROR;
				GCC_WARN_UNDECLARED_SELECTOR = YES;
				GCC_WARN_UNINITIALIZED_AUTOS = YES_AGGRESSIVE;
				GCC_WARN_UNUSED_FUNCTION = YES;
				GCC_WARN_UNUSED_VARIABLE = YES;
				IPHONEOS_DEPLOYMENT_TARGET = 15.0;
				MTL_ENABLE_DEBUG_INFO = INCLUDE_SOURCE;
				MTL_FAST_MATH = YES;
				ONLY_ACTIVE_ARCH = YES;
				SDKROOT = iphoneos;
				SWIFT_ACTIVE_COMPILATION_CONDITIONS = DEBUG;
				SWIFT_OPTIMIZATION_LEVEL = "-Onone";
			};
			name = Debug;
		};
		A944C8AF2761D375001D1FF1 /* Release */ = {
			isa = XCBuildConfiguration;
			buildSettings = {
				ALWAYS_SEARCH_USER_PATHS = NO;
				CLANG_ANALYZER_NONNULL = YES;
				CLANG_ANALYZER_NUMBER_OBJECT_CONVERSION = YES_AGGRESSIVE;
				CLANG_CXX_LANGUAGE_STANDARD = "gnu++17";
				CLANG_CXX_LIBRARY = "libc++";
				CLANG_ENABLE_MODULES = YES;
				CLANG_ENABLE_OBJC_ARC = YES;
				CLANG_ENABLE_OBJC_WEAK = YES;
				CLANG_WARN_BLOCK_CAPTURE_AUTORELEASING = YES;
				CLANG_WARN_BOOL_CONVERSION = YES;
				CLANG_WARN_COMMA = YES;
				CLANG_WARN_CONSTANT_CONVERSION = YES;
				CLANG_WARN_DEPRECATED_OBJC_IMPLEMENTATIONS = YES;
				CLANG_WARN_DIRECT_OBJC_ISA_USAGE = YES_ERROR;
				CLANG_WARN_DOCUMENTATION_COMMENTS = YES;
				CLANG_WARN_EMPTY_BODY = YES;
				CLANG_WARN_ENUM_CONVERSION = YES;
				CLANG_WARN_INFINITE_RECURSION = YES;
				CLANG_WARN_INT_CONVERSION = YES;
				CLANG_WARN_NON_LITERAL_NULL_CONVERSION = YES;
				CLANG_WARN_OBJC_IMPLICIT_RETAIN_SELF = YES;
				CLANG_WARN_OBJC_LITERAL_CONVERSION = YES;
				CLANG_WARN_OBJC_ROOT_CLASS = YES_ERROR;
				CLANG_WARN_QUOTED_INCLUDE_IN_FRAMEWORK_HEADER = YES;
				CLANG_WARN_RANGE_LOOP_ANALYSIS = YES;
				CLANG_WARN_STRICT_PROTOTYPES = YES;
				CLANG_WARN_SUSPICIOUS_MOVE = YES;
				CLANG_WARN_UNGUARDED_AVAILABILITY = YES_AGGRESSIVE;
				CLANG_WARN_UNREACHABLE_CODE = YES;
				CLANG_WARN__DUPLICATE_METHOD_MATCH = YES;
				COPY_PHASE_STRIP = NO;
				DEBUG_INFORMATION_FORMAT = "dwarf-with-dsym";
				ENABLE_NS_ASSERTIONS = NO;
				ENABLE_STRICT_OBJC_MSGSEND = YES;
				GCC_C_LANGUAGE_STANDARD = gnu11;
				GCC_NO_COMMON_BLOCKS = YES;
				GCC_WARN_64_TO_32_BIT_CONVERSION = YES;
				GCC_WARN_ABOUT_RETURN_TYPE = YES_ERROR;
				GCC_WARN_UNDECLARED_SELECTOR = YES;
				GCC_WARN_UNINITIALIZED_AUTOS = YES_AGGRESSIVE;
				GCC_WARN_UNUSED_FUNCTION = YES;
				GCC_WARN_UNUSED_VARIABLE = YES;
				IPHONEOS_DEPLOYMENT_TARGET = 15.0;
				MTL_ENABLE_DEBUG_INFO = NO;
				MTL_FAST_MATH = YES;
				SDKROOT = iphoneos;
				SWIFT_COMPILATION_MODE = wholemodule;
				SWIFT_OPTIMIZATION_LEVEL = "-O";
				VALIDATE_PRODUCT = YES;
			};
			name = Release;
		};
		A944C8B12761D375001D1FF1 /* Debug */ = {
			isa = XCBuildConfiguration;
			buildSettings = {
				ASSETCATALOG_COMPILER_APPICON_NAME = AppIcon;
				ASSETCATALOG_COMPILER_GLOBAL_ACCENT_COLOR_NAME = AccentColor;
				CODE_SIGN_STYLE = Automatic;
				CURRENT_PROJECT_VERSION = 1;
				GENERATE_INFOPLIST_FILE = YES;
				INFOPLIST_FILE = valueCarry/Info.plist;
				INFOPLIST_KEY_UIApplicationSupportsIndirectInputEvents = YES;
				INFOPLIST_KEY_UILaunchStoryboardName = LaunchScreen;
				INFOPLIST_KEY_UIMainStoryboardFile = Main;
				INFOPLIST_KEY_UISupportedInterfaceOrientations_iPad = "UIInterfaceOrientationPortrait UIInterfaceOrientationPortraitUpsideDown UIInterfaceOrientationLandscapeLeft UIInterfaceOrientationLandscapeRight";
				INFOPLIST_KEY_UISupportedInterfaceOrientations_iPhone = "UIInterfaceOrientationPortrait UIInterfaceOrientationLandscapeLeft UIInterfaceOrientationLandscapeRight";
				LD_RUNPATH_SEARCH_PATHS = (
					"$(inherited)",
					"@executable_path/Frameworks",
				);
				MARKETING_VERSION = 1.0;
				PRODUCT_BUNDLE_IDENTIFIER = com.valueCarry;
				PRODUCT_NAME = "$(TARGET_NAME)";
				SWIFT_EMIT_LOC_STRINGS = YES;
				SWIFT_VERSION = 5.0;
				TARGETED_DEVICE_FAMILY = 1;
			};
			name = Debug;
		};
		A944C8B22761D375001D1FF1 /* Release */ = {
			isa = XCBuildConfiguration;
			buildSettings = {
				ASSETCATALOG_COMPILER_APPICON_NAME = AppIcon;
				ASSETCATALOG_COMPILER_GLOBAL_ACCENT_COLOR_NAME = AccentColor;
				CODE_SIGN_STYLE = Automatic;
				CURRENT_PROJECT_VERSION = 1;
				GENERATE_INFOPLIST_FILE = YES;
				INFOPLIST_FILE = valueCarry/Info.plist;
				INFOPLIST_KEY_UIApplicationSupportsIndirectInputEvents = YES;
				INFOPLIST_KEY_UILaunchStoryboardName = LaunchScreen;
				INFOPLIST_KEY_UIMainStoryboardFile = Main;
				INFOPLIST_KEY_UISupportedInterfaceOrientations_iPad = "UIInterfaceOrientationPortrait UIInterfaceOrientationPortraitUpsideDown UIInterfaceOrientationLandscapeLeft UIInterfaceOrientationLandscapeRight";
				INFOPLIST_KEY_UISupportedInterfaceOrientations_iPhone = "UIInterfaceOrientationPortrait UIInterfaceOrientationLandscapeLeft UIInterfaceOrientationLandscapeRight";
				LD_RUNPATH_SEARCH_PATHS = (
					"$(inherited)",
					"@executable_path/Frameworks",
				);
				MARKETING_VERSION = 1.0;
				PRODUCT_BUNDLE_IDENTIFIER = com.valueCarry;
				PRODUCT_NAME = "$(TARGET_NAME)";
				SWIFT_EMIT_LOC_STRINGS = YES;
				SWIFT_VERSION = 5.0;
				TARGETED_DEVICE_FAMILY = 1;
			};
			name = Release;
		};
		A944C8B42761D375001D1FF1 /* Debug */ = {
			isa = XCBuildConfiguration;
			buildSettings = {
				ALWAYS_EMBED_SWIFT_STANDARD_LIBRARIES = YES;
				BUNDLE_LOADER = "$(TEST_HOST)";
				CODE_SIGN_STYLE = Automatic;
				CURRENT_PROJECT_VERSION = 1;
				GENERATE_INFOPLIST_FILE = YES;
				IPHONEOS_DEPLOYMENT_TARGET = 15.0;
				LD_RUNPATH_SEARCH_PATHS = (
					"$(inherited)",
					"@executable_path/Frameworks",
					"@loader_path/Frameworks",
				);
				MARKETING_VERSION = 1.0;
				PRODUCT_BUNDLE_IDENTIFIER = com.valueCarryTests;
				PRODUCT_NAME = "$(TARGET_NAME)";
				SWIFT_EMIT_LOC_STRINGS = NO;
				SWIFT_VERSION = 5.0;
				TARGETED_DEVICE_FAMILY = "1,2";
				TEST_HOST = "$(BUILT_PRODUCTS_DIR)/valueCarry.app/valueCarry";
			};
			name = Debug;
		};
		A944C8B52761D375001D1FF1 /* Release */ = {
			isa = XCBuildConfiguration;
			buildSettings = {
				ALWAYS_EMBED_SWIFT_STANDARD_LIBRARIES = YES;
				BUNDLE_LOADER = "$(TEST_HOST)";
				CODE_SIGN_STYLE = Automatic;
				CURRENT_PROJECT_VERSION = 1;
				GENERATE_INFOPLIST_FILE = YES;
				IPHONEOS_DEPLOYMENT_TARGET = 15.0;
				LD_RUNPATH_SEARCH_PATHS = (
					"$(inherited)",
					"@executable_path/Frameworks",
					"@loader_path/Frameworks",
				);
				MARKETING_VERSION = 1.0;
				PRODUCT_BUNDLE_IDENTIFIER = com.valueCarryTests;
				PRODUCT_NAME = "$(TARGET_NAME)";
				SWIFT_EMIT_LOC_STRINGS = NO;
				SWIFT_VERSION = 5.0;
				TARGETED_DEVICE_FAMILY = "1,2";
				TEST_HOST = "$(BUILT_PRODUCTS_DIR)/valueCarry.app/valueCarry";
			};
			name = Release;
		};
		A944C8B72761D375001D1FF1 /* Debug */ = {
			isa = XCBuildConfiguration;
			buildSettings = {
				ALWAYS_EMBED_SWIFT_STANDARD_LIBRARIES = YES;
				CODE_SIGN_STYLE = Automatic;
				CURRENT_PROJECT_VERSION = 1;
				GENERATE_INFOPLIST_FILE = YES;
				LD_RUNPATH_SEARCH_PATHS = (
					"$(inherited)",
					"@executable_path/Frameworks",
					"@loader_path/Frameworks",
				);
				MARKETING_VERSION = 1.0;
				PRODUCT_BUNDLE_IDENTIFIER = com.valueCarryUITests;
				PRODUCT_NAME = "$(TARGET_NAME)";
				SWIFT_EMIT_LOC_STRINGS = NO;
				SWIFT_VERSION = 5.0;
				TARGETED_DEVICE_FAMILY = "1,2";
				TEST_TARGET_NAME = valueCarry;
			};
			name = Debug;
		};
		A944C8B82761D375001D1FF1 /* Release */ = {
			isa = XCBuildConfiguration;
			buildSettings = {
				ALWAYS_EMBED_SWIFT_STANDARD_LIBRARIES = YES;
				CODE_SIGN_STYLE = Automatic;
				CURRENT_PROJECT_VERSION = 1;
				GENERATE_INFOPLIST_FILE = YES;
				LD_RUNPATH_SEARCH_PATHS = (
					"$(inherited)",
					"@executable_path/Frameworks",
					"@loader_path/Frameworks",
				);
				MARKETING_VERSION = 1.0;
				PRODUCT_BUNDLE_IDENTIFIER = com.valueCarryUITests;
				PRODUCT_NAME = "$(TARGET_NAME)";
				SWIFT_EMIT_LOC_STRINGS = NO;
				SWIFT_VERSION = 5.0;
				TARGETED_DEVICE_FAMILY = "1,2";
				TEST_TARGET_NAME = valueCarry;
			};
			name = Release;
		};
/* End XCBuildConfiguration section */

/* Begin XCConfigurationList section */
		A944C8812761D372001D1FF1 /* Build configuration list for PBXProject "valueCarry" */ = {
			isa = XCConfigurationList;
			buildConfigurations = (
				A944C8AE2761D375001D1FF1 /* Debug */,
				A944C8AF2761D375001D1FF1 /* Release */,
			);
			defaultConfigurationIsVisible = 0;
			defaultConfigurationName = Release;
		};
		A944C8B02761D375001D1FF1 /* Build configuration list for PBXNativeTarget "valueCarry" */ = {
			isa = XCConfigurationList;
			buildConfigurations = (
				A944C8B12761D375001D1FF1 /* Debug */,
				A944C8B22761D375001D1FF1 /* Release */,
			);
			defaultConfigurationIsVisible = 0;
			defaultConfigurationName = Release;
		};
		A944C8B32761D375001D1FF1 /* Build configuration list for PBXNativeTarget "valueCarryTests" */ = {
			isa = XCConfigurationList;
			buildConfigurations = (
				A944C8B42761D375001D1FF1 /* Debug */,
				A944C8B52761D375001D1FF1 /* Release */,
			);
			defaultConfigurationIsVisible = 0;
			defaultConfigurationName = Release;
		};
		A944C8B62761D375001D1FF1 /* Build configuration list for PBXNativeTarget "valueCarryUITests" */ = {
			isa = XCConfigurationList;
			buildConfigurations = (
				A944C8B72761D375001D1FF1 /* Debug */,
				A944C8B82761D375001D1FF1 /* Release */,
			);
			defaultConfigurationIsVisible = 0;
			defaultConfigurationName = Release;
		};
/* End XCConfigurationList section */
	};
	rootObject = A944C87E2761D372001D1FF1 /* Project object */;
}
